# This file is autogenerated and supposed to be committed to the git repository.
# Changing this file is not recommended and will likely break the build.

[conda]
_libgcc_mutex=0.1=conda_forge @ 16fe1c80
_openmp_mutex=4.5=2_gnu @ 16fe1c80
absl-py=2.1.0=pyhd8ed1ab_0 @ c7211bb6
altair=5.4.1=pyhd8ed1ab_1 @ c7211bb6
anndata=0.10.9=pyhd8ed1ab_0 @ d2df1788
array-api-compat=1.9.1=pyhd8ed1ab_0 @ d2df1788
asttokens=2.4.1=pyhd8ed1ab_0 @ c7211bb6
attrs=24.2.0=pyh71513ae_0 @ c7211bb6
aws-c-auth=0.7.22=h96bc93b_2 @ e1c11c02
aws-c-cal=0.6.14=h88a6e22_1 @ e1c11c02
aws-c-common=0.9.19=h4ab18f5_0 @ e1c11c02
aws-c-compression=0.2.18=h83b837d_6 @ e1c11c02
aws-c-event-stream=0.4.2=ha47c788_12 @ e1c11c02
aws-c-http=0.8.1=h29d6fba_17 @ e1c11c02
aws-c-io=0.14.8=h21d4f22_5 @ e1c11c02
aws-c-mqtt=0.10.4=h759edc4_4 @ e1c11c02
aws-c-s3=0.5.9=h594631b_3 @ e1c11c02
aws-c-sdkutils=0.1.16=h83b837d_2 @ e1c11c02
aws-checksums=0.1.18=h83b837d_6 @ e1c11c02
aws-crt-cpp=0.26.9=he3a8b3b_0 @ e1c11c02
aws-sdk-cpp=1.11.329=hba8bd5f_3 @ e1c11c02
binutils_impl_linux-64=2.43=h4bf12b8_2 @ ad241afe
binutils_linux-64=2.43=h4852527_2 @ ad241afe
blinker=1.8.2=pyhd8ed1ab_0 @ c7211bb6
brotli=1.1.0=hb9d3cd8_2 @ e1c11c02
brotli-bin=1.1.0=hb9d3cd8_2 @ e1c11c02
brotli-python=1.1.0=py312h2ec8cdc_2 @ 49551990
bzip2=1.0.8=h4bc722e_7 @ e1c11c02
c-ares=1.34.2=heb4867d_0 @ e1c11c02
ca-certificates=2024.8.30=hbcca054_0 @ e1c11c02
cached-property=1.5.2=hd8ed1ab_1 @ e4ad1806
cached_property=1.5.2=pyha770c72_1 @ e4ad1806
cachetools=5.5.0=pyhd8ed1ab_0 @ c7211bb6
certifi=2024.8.30=pyhd8ed1ab_0 @ c7211bb6
charset-normalizer=2.0.12=pyhd8ed1ab_0 @ e4ad1806
clang=18.1.7=default_h90ac42e_0 @ ad241afe
clang-18=18.1.7=default_h9bb3924_0 @ ad241afe
click=8.1.7=unix_pyh707e725_0 @ 30311944
colorama=0.4.6=pyhd8ed1ab_0 @ 605019c2
comm=0.2.2=pyhd8ed1ab_0 @ c7211bb6
conjure-python-client=2.11.0=pyhd8ed1ab_0 @ c7211bb6
contourpy=1.3.0=py312h68727a3_2 @ ad241afe
cycler=0.12.1=pyhd8ed1ab_0 @ c7211bb6
dash=2.18.1=pyhd8ed1ab_0 @ c7211bb6
debugpy=1.8.7=py312h2ec8cdc_0 @ ad241afe
decorator=5.1.1=pyhd8ed1ab_0 @ fe451c34
exceptiongroup=1.2.2=pyhd8ed1ab_0 @ c7211bb6
executing=2.1.0=pyhd8ed1ab_0 @ c7211bb6
flask=3.0.3=pyhd8ed1ab_0 @ c7211bb6
fonttools=4.54.1=py312h178313f_1 @ ad241afe
foundry-data-sidecar-api=0.626.0=py_0 @ fe451c34
foundry-transforms-lib-python=0.639.0=py_0 @ fe451c34
freetype=2.12.1=h267a509_2 @ e1c11c02
gcc_impl_linux-64=14.2.0=h6b349bd_1 @ ad241afe
gcc_linux-64=14.2.0=h5910c8f_5 @ ad241afe
get-annotations=0.1.2=pyhd8ed1ab_0 @ d2df1788
gflags=2.2.2=h5888daf_1005 @ e1c11c02
gitdb=4.0.11=pyhd8ed1ab_0 @ c7211bb6
gitpython=3.1.43=pyhd8ed1ab_0 @ c7211bb6
glog=0.7.1=hbabe93e_0 @ e1c11c02
grpcio=1.62.2=py312hb06c811_0 @ ad241afe
gxx_impl_linux-64=14.2.0=h2c03514_1 @ ad241afe
gxx_linux-64=14.2.0=h9423afd_5 @ ad241afe
h5py=3.12.1=nompi_py312hedeef09_102 @ ad241afe
hdf5=1.14.3=nompi_hdf9ad27_105 @ ad241afe
icu=73.2=h59595ed_0 @ 3c4a1d2c
idna=3.10=pyhd8ed1ab_0 @ c7211bb6
importlib-metadata=7.2.1=pyha770c72_0 @ c7211bb6
importlib_resources=6.4.5=pyhd8ed1ab_0 @ c7211bb6
ipykernel=6.29.5=pyh3099207_0 @ c7211bb6
ipython=8.29.0=pyh707e725_0 @ c7211bb6
ipywidgets=8.1.5=pyhd8ed1ab_0 @ c7211bb6
itsdangerous=2.2.0=pyhd8ed1ab_0 @ c7211bb6
jedi=0.19.1=pyhd8ed1ab_0 @ c7211bb6
jinja2=3.1.4=pyhd8ed1ab_0 @ 30311944
joblib=1.4.2=pyhd8ed1ab_0 @ d2df1788
jsonschema=4.23.0=pyhd8ed1ab_0 @ c7211bb6
jsonschema-specifications=2024.10.1=pyhd8ed1ab_0 @ c7211bb6
jupyter_client=8.6.3=pyhd8ed1ab_0 @ c7211bb6
jupyter_core=5.7.2=pyh31011fe_1 @ c7211bb6
jupyterlab_widgets=3.0.13=pyhd8ed1ab_0 @ c7211bb6
kernel-headers_linux-64=3.10.0=he073ed8_18 @ d2df1788
keyutils=1.6.1=h166bdaf_0 @ 16fe1c80
kiwisolver=1.4.7=py312h68727a3_0 @ ad241afe
krb5=1.21.3=h659f571_0 @ e1c11c02
lcms2=2.16=hb7c19ff_0 @ e1c11c02
ld_impl_linux-64=2.43=h712a8e2_2 @ e1c11c02
legacy-api-wrap=1.4=pyhd8ed1ab_1 @ d2df1788
lerc=4.0.0=h27087fc_0 @ 16fe1c80
libabseil=20240116.2=cxx17_he02047a_1 @ e1c11c02
libaec=1.1.3=h59595ed_0 @ ad241afe
libarrow=16.1.0=hcb6531f_6_cpu @ e1c11c02
libarrow-acero=16.1.0=hac33072_6_cpu @ e1c11c02
libarrow-dataset=16.1.0=hac33072_6_cpu @ e1c11c02
libarrow-substrait=16.1.0=h7e0c224_6_cpu @ e1c11c02
libblas=3.9.0=25_linux64_openblas @ e1c11c02
libbrotlicommon=1.1.0=hb9d3cd8_2 @ e1c11c02
libbrotlidec=1.1.0=hb9d3cd8_2 @ e1c11c02
libbrotlienc=1.1.0=hb9d3cd8_2 @ e1c11c02
libcblas=3.9.0=25_linux64_openblas @ e1c11c02
libclang-cpp18.1=18.1.7=default_h9bb3924_0 @ ad241afe
libcrc32c=1.1.2=h9c3ff4c_0 @ 16fe1c80
libcurl=8.8.0=hca28451_1 @ e1c11c02
libdeflate=1.20=hd590300_0 @ e1c11c02
libedit=3.1.20230828=h5eee18b_0 @ 3c4a1d2c
libev=4.33=hd590300_2 @ e1c11c02
libevent=2.1.12=hf998b51_1 @ e1c11c02
libexpat=2.6.4=h5888daf_0 @ eeaf17d4
libffi=3.4.2=h7f98852_5 @ 16fe1c80
libgcc=14.2.0=h77fa898_1 @ e1c11c02
libgcc-devel_linux-64=14.2.0=h41c2201_101 @ d2df1788
libgcc-ng=14.2.0=h69a702a_1 @ e1c11c02
libgfortran=14.2.0=h69a702a_1 @ e1c11c02
libgfortran-ng=14.2.0=h69a702a_1 @ 3c4a1d2c
libgfortran5=14.2.0=hd5240d6_1 @ e1c11c02
libgomp=14.2.0=h77fa898_1 @ e1c11c02
libgoogle-cloud=2.24.0=h2736e30_0 @ e1c11c02
libgoogle-cloud-storage=2.24.0=h3d9a0c8_0 @ e1c11c02
libgrpc=1.62.2=h15f2491_0 @ e1c11c02
libhwloc=2.11.2=default_he43201b_1000 @ ad241afe
libiconv=1.17=hd590300_2 @ 3c4a1d2c
libjpeg-turbo=3.0.0=hd590300_1 @ e1c11c02
liblapack=3.9.0=25_linux64_openblas @ e1c11c02
libllvm14=14.0.6=hcd5def8_4 @ ad241afe
libllvm18=18.1.7=hb77312f_0 @ e1c11c02
libnghttp2=1.58.0=h47da74e_1 @ e1c11c02
libnsl=2.0.1=hd590300_0 @ e1c11c02
libopenblas=0.3.28=pthreads_h94d23a6_1 @ e1c11c02
libparquet=16.1.0=h6a7eafb_6_cpu @ e1c11c02
libpng=1.6.43=h2797004_0 @ e1c11c02
libprotobuf=4.25.3=h08a7969_0 @ e1c11c02
libre2-11=2023.09.01=h5a48ba9_2 @ e1c11c02
libsanitizer=14.2.0=h2a3dede_1 @ ad241afe
libsodium=1.0.20=h4ab18f5_0 @ e1c11c02
libsqlite=3.46.0=hde9e2c9_0 @ 49551990
libssh2=1.11.0=h0841786_0 @ e1c11c02
libstdcxx=14.2.0=hc0a3c3a_1 @ e1c11c02
libstdcxx-devel_linux-64=14.2.0=h41c2201_101 @ d2df1788
libstdcxx-ng=14.2.0=h4852527_1 @ e1c11c02
libthrift=0.19.0=hb90f79a_1 @ e1c11c02
libtiff=4.6.0=h1dd3fc0_3 @ e1c11c02
libutf8proc=2.8.0=h166bdaf_0 @ 16fe1c80
libuuid=2.38.1=h0b41bf4_0 @ e1c11c02
libwebp-base=1.4.0=hd590300_0 @ e1c11c02
libxcb=1.15=h0b41bf4_0 @ e1c11c02
libxcrypt=4.4.36=hd590300_1 @ 49551990
libxml2=2.12.7=hc051c1a_1 @ 3c4a1d2c
libzlib=1.2.13=h4ab18f5_6 @ e1c11c02
llvmlite=0.42.0=py312hb06c811_1 @ ad241afe
lz4-c=1.9.4=hcb278e6_0 @ e1c11c02
markdown=3.6=pyhd8ed1ab_0 @ c7211bb6
markdown-it-py=3.0.0=pyhd8ed1ab_0 @ c7211bb6
markupsafe=3.0.2=py312h178313f_0 @ 49551990
matplotlib-base=3.9.2=py312hd3ec401_1 @ ad241afe
matplotlib-inline=0.1.7=pyhd8ed1ab_0 @ c7211bb6
mdurl=0.1.2=pyhd8ed1ab_0 @ c7211bb6
munkres=1.1.4=pyh9f0ad1d_0 @ fe451c34
narwhals=1.13.2=pyhd8ed1ab_0 @ c7211bb6
natsort=8.4.0=pyhd8ed1ab_0 @ d2df1788
ncurses=6.5=he02047a_1 @ 49551990
nest-asyncio=1.6.0=pyhd8ed1ab_0 @ c7211bb6
networkx=3.4.2=pyhd8ed1ab_1 @ d2df1788
numba=0.59.1=py312hacefee8_0 @ ad241afe
numpy=1.26.4=py312heda63a1_0 @ ad241afe
openjpeg=2.5.2=h488ebb8_0 @ e1c11c02
openssl=3.3.2=hb9d3cd8_0 @ e1c11c02
orc=2.0.1=h17fec99_1 @ e1c11c02
packaging=24.1=pyhd8ed1ab_0 @ c7211bb6
pandas=2.2.3=py312hf9745cd_1 @ ad241afe
parso=0.8.4=pyhd8ed1ab_0 @ c7211bb6
patsy=0.5.6=pyhd8ed1ab_0 @ c7211bb6
pexpect=4.9.0=pyhd8ed1ab_0 @ c7211bb6
pickleshare=0.7.5=py_1003 @ fe451c34
pillow=10.3.0=py312hdcec9eb_0 @ ad241afe
pip=24.3.1=pyh8b19718_0 @ c7211bb6
pkgutil-resolve-name=1.3.10=pyhd8ed1ab_1 @ c7211bb6
platformdirs=4.3.6=pyhd8ed1ab_0 @ c7211bb6
plotly=5.24.1=pyhd8ed1ab_0 @ c7211bb6
polars=1.12.0=py312hfe7c9be_0 @ ad241afe
prompt-toolkit=3.0.48=pyha770c72_0 @ c7211bb6
protobuf=4.25.3=py312h83439f5_1 @ ad241afe
psutil=6.1.0=py312h66e93f0_0 @ ad241afe
pthread-stubs=0.4=hb9d3cd8_1002 @ 3c4a1d2c
ptyprocess=0.7.0=pyhd3deb0d_0 @ fe451c34
pure_eval=0.2.3=pyhd8ed1ab_0 @ c7211bb6
pyarrow=16.1.0=py312h8da182e_1 @ ad241afe
pyarrow-core=16.1.0=py312h5429d62_1_cpu @ ad241afe
pydeck=0.8.0=pyhd8ed1ab_0 @ fe451c34
pygments=2.18.0=pyhd8ed1ab_0 @ c7211bb6
pynndescent=0.5.13=pyhff2d567_0 @ d2df1788
pyparsing=3.1.4=pyhd8ed1ab_0 @ c7211bb6
pysocks=1.7.1=pyha2e5f31_6 @ fe451c34
python=3.12.3=hab00c5b_0_cpython @ ad241afe
python-dateutil=2.9.0=pyhd8ed1ab_0 @ c7211bb6
python-tzdata=2024.2=pyhd8ed1ab_0 @ c7211bb6
python_abi=3.12=5_cp312 @ 49551990
pytz=2024.1=pyhd8ed1ab_0 @ c7211bb6
pyyaml=6.0.2=py312h66e93f0_1 @ ad241afe
pyzmq=26.2.0=py312hbf22597_3 @ ad241afe
qhull=2020.2=h434a139_5 @ e1c11c02
re2=2023.09.01=h7f4b329_2 @ e1c11c02
readline=8.2=h8228510_1 @ 49551990
referencing=0.35.1=pyhd8ed1ab_0 @ c7211bb6
requests=2.27.1=pyhd8ed1ab_0 @ e4ad1806
retrying=1.3.3=pyhd8ed1ab_3 @ c7211bb6
rich=13.9.4=pyhd8ed1ab_0 @ c7211bb6
rpds-py=0.21.0=py312h12e396e_0 @ ad241afe
s2n=1.4.15=he19d79f_0 @ e1c11c02
scanpy=1.10.3=pyhd8ed1ab_0 @ d2df1788
scikit-learn=1.5.2=py312h7a48858_1 @ ad241afe
scipy=1.14.1=py312h62794b6_1 @ ad241afe
seaborn=0.13.2=hd8ed1ab_2 @ c7211bb6
seaborn-base=0.13.2=pyhd8ed1ab_2 @ c7211bb6
session-info=1.0.0=pyhd8ed1ab_0 @ e4ad1806
setuptools=75.3.0=pyhd8ed1ab_0 @ c7211bb6
six=1.16.0=pyh6c4a22f_0 @ fe451c34
smmap=5.0.0=pyhd8ed1ab_0 @ fe451c34
snappy=1.2.1=ha2e4443_0 @ e1c11c02
stack_data=0.6.2=pyhd8ed1ab_0 @ c7211bb6
statsmodels=0.14.4=py312hc0a28a1_0 @ ad241afe
stdlib-list=0.11.0=pyhd8ed1ab_0 @ d2df1788
streamlit=1.39.0=pyhd8ed1ab_0 @ c7211bb6
sysroot_linux-64=2.17=h4a8ded7_18 @ d2df1788
tbb=2022.0.0=hceb3a55_0 @ ad241afe
tenacity=9.0.0=pyhd8ed1ab_0 @ c7211bb6
tensorboard=2.18.0=pyhd8ed1ab_0 @ c7211bb6
tensorboard-data-server=0.7.0=py312hda17c39_2 @ ad241afe
threadpoolctl=3.5.0=pyhc1e730c_0 @ d2df1788
tk=8.6.13=noxft_h4845f30_101 @ e1c11c02
toml=0.10.2=pyhd8ed1ab_0 @ fe451c34
tornado=6.4.1=py312h66e93f0_1 @ ad241afe
tqdm=4.67.0=pyhd8ed1ab_0 @ d2df1788
traitlets=5.14.3=pyhd8ed1ab_0 @ c7211bb6
typing-extensions=4.12.2=hd8ed1ab_0 @ 30311944
typing_extensions=4.12.2=pyha770c72_0 @ c7211bb6
tzdata=2024b=hc8b5060_0 @ c7211bb6
tzlocal=5.2=py312h7900ff3_1 @ ad241afe
umap-learn=0.5.7=py312h7900ff3_0 @ ad241afe
unicodedata2=15.1.0=py312h66e93f0_1 @ ad241afe
urllib3=1.26.19=pyhd8ed1ab_0 @ d2df1788
validators=0.34.0=pyhd8ed1ab_0 @ c7211bb6
watchdog=5.0.3=py312h7900ff3_0 @ ad241afe
wcwidth=0.2.13=pyhd8ed1ab_0 @ c7211bb6
werkzeug=3.1.2=pyhd8ed1ab_0 @ c7211bb6
wheel=0.44.0=pyhd8ed1ab_0 @ c7211bb6
widgetsnbextension=4.0.13=pyhd8ed1ab_0 @ c7211bb6
xorg-libxau=1.0.11=hb9d3cd8_1 @ e1c11c02
xorg-libxdmcp=1.1.5=hb9d3cd8_0 @ e1c11c02
xz=5.2.6=h166bdaf_0 @ 16fe1c80
yaml=0.2.5=h7f98852_2 @ 777e1a0e
zeromq=4.3.5=h3b0a872_6 @ e1c11c02
zipp=3.20.2=pyhd8ed1ab_0 @ c7211bb6
zstd=1.5.6=ha6fb4c9_0 @ e1c11c02

[pip]
aiobotocore==2.5.4
aiohappyeyeballs==2.4.3
aiohttp==3.10.10
aioitertools==0.12.0
aiosignal==1.3.1
annoy==1.17.3
asciitree==0.3.3
beautifulsoup4==4.12.3
botocore==1.31.17
cloudpickle==3.1.0
colorcet==3.1.0
dask==2024.9.1
dask-expr==1.1.15
dask-image==2024.5.3
datashader==0.16.3
dill==0.3.9
distributed==2024.9.1
docrep==0.3.2
entrypoints==0.4
faker==30.3.0
faker==30.8.2
fasteners==0.19
favicon==0.7.0
frozenlist==1.4.1
fsspec==2023.6.0
geopandas==1.0.1
hnswlib==0.8.0
htbuilder==0.6.2
igraph==0.11.6
imageio==2.35.1
importlib-resources==6.4.5
inflect==7.4.0
jmespath==1.0.1
jupyter-client==8.6.3
jupyter-core==5.7.2
jupyterlab-widgets==3.0.13
lazy-loader==0.4
leidenalg==0.10.2
locket==1.0.0
lxml==5.3.0
markdownlit==0.0.7
matplotlib==3.9.2
matplotlib-scalebar==0.8.1
mizani==0.11.4
more-itertools==10.5.0
msgpack==1.1.0
multidict==6.1.0
multipledispatch==1.0.0
multiscale-spatial-image==1.0.1
numcodecs==0.13.1
objsize==0.7.0
ome-zarr==0.9.0
omnipath==1.0.8
palantir-sdk==0.12.0
param==2.1.1
parc==0.40
parmap==1.7.0
partd==1.4.2
phenograph==1.5.7
pims==0.7
plotnine==0.13.6
pooch==1.8.2
prometheus-client==0.21.0
propcache==0.2.0
pure-eval==0.2.3
pybind11==2.13.6
pyct==0.5.0
pymdown-extensions==10.11.2
pymdown-extensions==10.12
pympler==1.1
pyogrio==0.10.0
pyproj==3.7.0
s3fs==2023.6.0
scikit-image==0.24.0
setuptools-scm==8.1.0
shapely==2.0.6
sklearn-ann==0.1.2
slicerator==1.1.0
sortedcontainers==2.4.0
soupsieve==2.6
spatial-image==1.1.0
spatialdata==0.2.5
split-file-reader==0.1.4
squidpy==1.6.1
st-annotated-text==4.0.1
st-pages==1.0.1
st-theme==1.2.3
stack-data==0.6.2
streamlit-camera-input-live==0.2.0
streamlit-card==1.0.2
streamlit-embedcode==0.1.2
streamlit-extras==0.5.0
streamlit-faker==0.0.3
streamlit-image-coordinates==0.1.9
streamlit-javascript==0.1.5
streamlit-keyup==0.2.4
streamlit-toggle-switch==1.0.2
streamlit-vertical-slider==2.5.5
tblib==3.0.0
texttable==1.7.0
tifffile==2024.9.20
tomli==2.0.2
toolz==1.0.0
typeguard==4.3.0
wrapt==1.16.0
xarray==2024.9.0
xarray-dataclasses==1.8.0
xarray-datatree==0.0.14
xarray-schema==0.0.3
xarray-spatial==0.4.0
yarl==1.14.0
zarr==2.18.3
zict==3.0.0

[conda-metadata]
16fe1c80 - linux-64 @ tar.bz2 @ ri.artifacts.repository.bundle.jupyter-default-environment
30311944 - noarch @ conda @ ri.foundry-sdk-asset-bundle.main.artifacts.repository
3c4a1d2c - linux-64 @ conda @ ri.artifacts.repository.python-library.foundry-transforms-lib
49551990 - linux-64 @ conda @ ri.foundry-sdk-asset-bundle.main.artifacts.repository
605019c2 - noarch @ tar.bz2 @ ri.foundry-sdk-asset-bundle.main.artifacts.repository
777e1a0e - linux-64 @ tar.bz2 @ ri.foundry-sdk-asset-bundle.main.artifacts.repository
ad241afe - linux-64 @ conda @ ri.artifacts.repository.artifactory.external-conda-forge
c7211bb6 - noarch @ conda @ ri.artifacts.repository.bundle.jupyter-default-environment
d2df1788 - noarch @ conda @ ri.stemma.main.repository.ff83a94d-9a62-44b7-a114-93337d236a26
e1c11c02 - linux-64 @ conda @ ri.artifacts.repository.bundle.jupyter-default-environment
e4ad1806 - noarch @ tar.bz2 @ ri.stemma.main.repository.ff83a94d-9a62-44b7-a114-93337d236a26
eeaf17d4 - linux-64 @ conda @ ri.stemma.main.repository.ff83a94d-9a62-44b7-a114-93337d236a26
fe451c34 - noarch @ tar.bz2 @ ri.artifacts.repository.bundle.jupyter-default-environment

[pip-indices]
ri.artifacts.repository.artifactory.external-python-pypi
ri.foundry-sdk-asset-bundle.main.artifacts.repository
ri.stemma.main.repository.ff83a94d-9a62-44b7-a114-93337d236a26

[conda lock version]
v3 - c1dde57734f2a39a38aff4126f2697ceb87414099e527b6ae19c0745c3a458e0
