# This file is autogenerated and supposed to be committed to the git repository.
# Changing this file is not recommended and will likely break the build.

[conda]
_libgcc_mutex=0.1=conda_forge @ 16fe1c80
_openmp_mutex=4.5=2_gnu @ 16fe1c80
absl-py=2.1.0=pyhd8ed1ab_0 @ c7211bb6
altair=5.4.1=pyhd8ed1ab_1 @ c7211bb6
anndata=0.11.1=pyhff2d567_0 @ 931c1ab2
array-api-compat=1.9.1=pyhd8ed1ab_0 @ 931c1ab2
asttokens=2.4.1=pyhd8ed1ab_0 @ c7211bb6
attrs=24.2.0=pyh71513ae_0 @ c7211bb6
aws-c-auth=0.8.0=hcd8ed7f_7 @ 989a16c9
aws-c-cal=0.8.0=he70792b_1 @ 989a16c9
aws-c-common=0.10.0=hb9d3cd8_0 @ 989a16c9
aws-c-compression=0.3.0=hba2fe39_1 @ 989a16c9
aws-c-event-stream=0.5.0=h127f702_4 @ 989a16c9
aws-c-http=0.9.0=h8a7d7e2_5 @ 989a16c9
aws-c-io=0.15.1=h2a50c78_1 @ 989a16c9
aws-c-mqtt=0.11.0=hd25e75f_5 @ 989a16c9
aws-c-s3=0.7.0=h858c4ad_7 @ 989a16c9
aws-c-sdkutils=0.2.1=hba2fe39_0 @ 989a16c9
aws-checksums=0.2.0=hba2fe39_1 @ 989a16c9
aws-crt-cpp=0.29.4=hbc793f2_0 @ 989a16c9
aws-sdk-cpp=1.11.449=hbef81e4_0 @ 989a16c9
azure-core-cpp=1.14.0=h5cfcd09_0 @ 989a16c9
azure-identity-cpp=1.10.0=h113e628_0 @ 989a16c9
azure-storage-blobs-cpp=12.13.0=h3cf044e_1 @ 989a16c9
azure-storage-common-cpp=12.8.0=h736e048_1 @ 989a16c9
azure-storage-files-datalake-cpp=12.12.0=ha633028_1 @ 989a16c9
binutils_impl_linux-64=2.43=h4bf12b8_2 @ ad241afe
binutils_linux-64=2.43=h4852527_2 @ ad241afe
blinker=1.9.0=pyhff2d567_0 @ c7211bb6
brotli=1.1.0=hb9d3cd8_2 @ e1c11c02
brotli-bin=1.1.0=hb9d3cd8_2 @ e1c11c02
brotli-python=1.1.0=py312h2ec8cdc_2 @ 49551990
bzip2=1.0.8=h4bc722e_7 @ e1c11c02
c-ares=1.34.3=heb4867d_0 @ e1c11c02
ca-certificates=2024.8.30=hbcca054_0 @ e1c11c02
cached-property=1.5.2=hd8ed1ab_1 @ c72e1b30
cached_property=1.5.2=pyha770c72_1 @ c72e1b30
cachetools=5.5.0=pyhd8ed1ab_0 @ c7211bb6
certifi=2024.8.30=pyhd8ed1ab_0 @ c7211bb6
charset-normalizer=2.0.12=pyhd8ed1ab_0 @ c72e1b30
clang=19.1.4=default_h9e3a008_0 @ ad241afe
clang-19=19.1.4=default_hb5137d0_0 @ ad241afe
click=8.1.7=py312h06a4308_0 @ 777e1a0e
colorama=0.4.6=pyhd8ed1ab_0 @ 605019c2
comm=0.2.2=pyhd8ed1ab_0 @ c7211bb6
conjure-python-client=2.11.0=pyhd8ed1ab_0 @ c7211bb6
contourpy=1.3.1=py312h68727a3_0 @ ad241afe
cycler=0.12.1=pyhd8ed1ab_0 @ c7211bb6
dash=2.18.1=pyhd8ed1ab_0 @ c7211bb6
debugpy=1.8.8=py312h2ec8cdc_0 @ ad241afe
decorator=5.1.1=pyhd8ed1ab_0 @ fe451c34
exceptiongroup=1.2.2=pyhd8ed1ab_0 @ c7211bb6
executing=2.1.0=pyhd8ed1ab_0 @ c7211bb6
flask=3.1.0=pyhff2d567_0 @ c7211bb6
fonttools=4.55.0=py312h178313f_0 @ ad241afe
foundry-data-sidecar-api=0.745.0=py_0 @ 5a011d5e
foundry-transforms-lib-python=0.757.0=py_0 @ 5a011d5e
freetype=2.12.1=h267a509_2 @ e1c11c02
gcc_impl_linux-64=14.2.0=h6b349bd_1 @ ad241afe
gcc_linux-64=14.2.0=h5910c8f_7 @ ad241afe
get-annotations=0.1.2=pyhd8ed1ab_0 @ 931c1ab2
gflags=2.2.2=h5888daf_1005 @ e1c11c02
gitdb=4.0.11=pyhd8ed1ab_0 @ c7211bb6
gitpython=3.1.43=pyhd8ed1ab_0 @ c7211bb6
glog=0.7.1=hbabe93e_0 @ e1c11c02
grpcio=1.67.1=py312h374181b_0 @ ad241afe
gxx_impl_linux-64=14.2.0=h2c03514_1 @ ad241afe
gxx_linux-64=14.2.0=h9423afd_7 @ ad241afe
h5py=3.12.1=nompi_py312hedeef09_102 @ ad241afe
hdf5=1.14.3=nompi_hdf9ad27_105 @ ad241afe
idna=3.10=pyhd8ed1ab_0 @ c7211bb6
importlib-metadata=7.2.1=pyha770c72_0 @ c7211bb6
importlib_resources=6.4.5=pyhd8ed1ab_0 @ c7211bb6
ipykernel=6.29.5=pyh3099207_0 @ c7211bb6
ipython=8.29.0=pyh707e725_0 @ c7211bb6
ipywidgets=8.1.5=pyhd8ed1ab_0 @ c7211bb6
itsdangerous=2.2.0=pyhd8ed1ab_0 @ c7211bb6
jedi=0.19.2=pyhff2d567_0 @ c7211bb6
jinja2=3.1.4=pyhd8ed1ab_0 @ c7211bb6
joblib=1.4.2=pyhd8ed1ab_0 @ 931c1ab2
jsonschema=4.23.0=pyhd8ed1ab_0 @ c7211bb6
jsonschema-specifications=2024.10.1=pyhd8ed1ab_0 @ c7211bb6
jupyter_client=8.6.3=pyhd8ed1ab_0 @ c7211bb6
jupyter_core=5.7.2=pyh31011fe_1 @ c7211bb6
jupyterlab_widgets=3.0.13=pyhd8ed1ab_0 @ c7211bb6
kernel-headers_linux-64=3.10.0=he073ed8_18 @ 931c1ab2
keyutils=1.6.1=h166bdaf_0 @ 16fe1c80
kiwisolver=1.4.7=py312h68727a3_0 @ ad241afe
krb5=1.21.3=h659f571_0 @ e1c11c02
lcms2=2.16=hb7c19ff_0 @ e1c11c02
ld_impl_linux-64=2.43=h712a8e2_2 @ e1c11c02
legacy-api-wrap=1.4=pyhd8ed1ab_1 @ 931c1ab2
lerc=4.0.0=h27087fc_0 @ 16fe1c80
libabseil=20240722.0=cxx17_h5888daf_1 @ 989a16c9
libaec=1.1.3=h59595ed_0 @ ad241afe
libarrow=18.0.0=h3b997a5_7_cpu @ 989a16c9
libarrow-acero=18.0.0=h5888daf_7_cpu @ 989a16c9
libarrow-dataset=18.0.0=h5888daf_7_cpu @ 989a16c9
libarrow-substrait=18.0.0=h5c8f2c3_7_cpu @ 989a16c9
libblas=3.9.0=25_linux64_openblas @ e1c11c02
libbrotlicommon=1.1.0=hb9d3cd8_2 @ e1c11c02
libbrotlidec=1.1.0=hb9d3cd8_2 @ e1c11c02
libbrotlienc=1.1.0=hb9d3cd8_2 @ e1c11c02
libcblas=3.9.0=25_linux64_openblas @ e1c11c02
libclang-cpp19.1=19.1.4=default_hb5137d0_0 @ ad241afe
libcrc32c=1.1.2=h9c3ff4c_0 @ 16fe1c80
libcurl=8.11.0=hbbe4b11_0 @ 3c4a1d2c
libdeflate=1.21=h4bc722e_0 @ ad241afe
libedit=3.1.20230828=h5eee18b_0 @ 3c4a1d2c
libev=4.33=hd590300_2 @ e1c11c02
libevent=2.1.12=hf998b51_1 @ e1c11c02
libexpat=2.6.4=h5888daf_0 @ 989a16c9
libffi=3.4.4=h6a678d5_1 @ 3c4a1d2c
libgcc=14.2.0=h77fa898_1 @ e1c11c02
libgcc-devel_linux-64=14.2.0=h41c2201_101 @ 931c1ab2
libgcc-ng=14.2.0=h69a702a_1 @ e1c11c02
libgfortran=14.2.0=h69a702a_1 @ e1c11c02
libgfortran-ng=14.2.0=h69a702a_1 @ 989a16c9
libgfortran5=14.2.0=hd5240d6_1 @ e1c11c02
libgomp=14.2.0=h77fa898_1 @ e1c11c02
libgoogle-cloud=2.31.0=h804f50b_0 @ 989a16c9
libgoogle-cloud-storage=2.31.0=h0121fbd_0 @ 989a16c9
libgrpc=1.67.1=hc2c308b_0 @ 989a16c9
libhwloc=2.11.2=default_h0d58e46_1001 @ ad241afe
libiconv=1.17=hd590300_2 @ 989a16c9
libjpeg-turbo=3.0.0=hd590300_1 @ e1c11c02
liblapack=3.9.0=25_linux64_openblas @ e1c11c02
libllvm14=14.0.6=hcd5def8_4 @ ad241afe
libllvm19=19.1.4=ha7bfdaf_0 @ ad241afe
libnghttp2=1.64.0=h161d5f1_0 @ 989a16c9
libnsl=2.0.1=hd590300_0 @ e1c11c02
libopenblas=0.3.28=pthreads_h94d23a6_1 @ e1c11c02
libparquet=18.0.0=h6bd9018_7_cpu @ 989a16c9
libpng=1.6.44=hadc24fc_0 @ ad241afe
libprotobuf=5.28.2=h5b01275_0 @ 989a16c9
libre2-11=2024.07.02=hbbce691_1 @ 989a16c9
libsanitizer=14.2.0=h2a3dede_1 @ ad241afe
libsodium=1.0.20=h4ab18f5_0 @ e1c11c02
libsqlite=3.47.0=hadc24fc_1 @ 989a16c9
libssh2=1.11.0=h0841786_0 @ e1c11c02
libstdcxx=14.2.0=hc0a3c3a_1 @ e1c11c02
libstdcxx-devel_linux-64=14.2.0=h41c2201_101 @ 931c1ab2
libstdcxx-ng=14.2.0=h4852527_1 @ e1c11c02
libthrift=0.21.0=h0e7cc3e_0 @ 989a16c9
libtiff=4.6.0=h46a8edc_4 @ ad241afe
libutf8proc=2.8.0=h166bdaf_0 @ 16fe1c80
libuuid=2.38.1=h0b41bf4_0 @ e1c11c02
libwebp-base=1.4.0=hd590300_0 @ e1c11c02
libxcb=1.17.0=h8a09558_0 @ ad241afe
libxcrypt=4.4.36=hd590300_1 @ 989a16c9
libxml2=2.13.5=h064dc61_0 @ 3c4a1d2c
libzlib=1.3.1=hb9d3cd8_2 @ 989a16c9
llvmlite=0.43.0=py312h374181b_1 @ ad241afe
lz4-c=1.9.4=h6a678d5_1 @ 3c4a1d2c
markdown=3.6=pyhd8ed1ab_0 @ c7211bb6
markdown-it-py=3.0.0=pyhd8ed1ab_0 @ c7211bb6
markupsafe=3.0.2=py312h178313f_0 @ 49551990
matplotlib-base=3.9.2=py312hd3ec401_2 @ ad241afe
matplotlib-inline=0.1.7=pyhd8ed1ab_0 @ c7211bb6
mdurl=0.1.2=pyhd8ed1ab_0 @ c7211bb6
munkres=1.1.4=pyh9f0ad1d_0 @ fe451c34
narwhals=1.14.1=pyhff2d567_0 @ c7211bb6
natsort=8.4.0=pyhd8ed1ab_0 @ 931c1ab2
ncurses=6.5=he02047a_1 @ 989a16c9
nest-asyncio=1.6.0=pyhd8ed1ab_0 @ c7211bb6
networkx=3.4.2=pyh267e887_2 @ 931c1ab2
numba=0.60.0=py312h83e6fd3_0 @ ad241afe
numpy=1.26.4=py312heda63a1_0 @ ad241afe
openjpeg=2.5.2=h488ebb8_0 @ e1c11c02
openssl=3.4.0=hb9d3cd8_0 @ e1c11c02
orc=2.0.3=he039a57_0 @ 989a16c9
packaging=24.2=pyhff2d567_1 @ c7211bb6
pandas=2.2.3=py312hf9745cd_1 @ ad241afe
parso=0.8.4=pyhd8ed1ab_0 @ c7211bb6
patsy=1.0.1=pyhff2d567_0 @ c7211bb6
pexpect=4.9.0=pyhd8ed1ab_0 @ c7211bb6
pickleshare=0.7.5=py_1003 @ fe451c34
pillow=10.4.0=py312h56024de_1 @ ad241afe
pip=24.3.1=pyh8b19718_0 @ c7211bb6
pkgutil-resolve-name=1.3.10=pyhd8ed1ab_1 @ c7211bb6
platformdirs=4.3.6=pyhd8ed1ab_0 @ c7211bb6
plotly=5.24.1=pyhd8ed1ab_0 @ c7211bb6
polars=1.12.0=py312hfe7c9be_1 @ ad241afe
prompt-toolkit=3.0.48=pyha770c72_0 @ c7211bb6
protobuf=5.28.2=py312h2ec8cdc_0 @ ad241afe
psutil=6.1.0=py312h66e93f0_0 @ ad241afe
pthread-stubs=0.4=hb9d3cd8_1002 @ 989a16c9
ptyprocess=0.7.0=pyhd3deb0d_0 @ fe451c34
pure_eval=0.2.3=pyhd8ed1ab_0 @ c7211bb6
pyarrow=18.0.0=py312h7900ff3_1 @ ad241afe
pyarrow-core=18.0.0=py312h01725c0_1_cpu @ ad241afe
pydeck=0.8.0=pyhd8ed1ab_0 @ fe451c34
pygments=2.18.0=pyhd8ed1ab_0 @ c7211bb6
pynndescent=0.5.13=pyhff2d567_0 @ 931c1ab2
pyparsing=3.1.4=pyhd8ed1ab_0 @ c7211bb6
pysocks=1.7.1=pyha2e5f31_6 @ fe451c34
python=3.12.7=hc5c86c4_0_cpython @ 49551990
python-dateutil=2.9.0.post0=pyhff2d567_0 @ c7211bb6
python-tzdata=2024.2=pyhd8ed1ab_0 @ c7211bb6
python_abi=3.12=5_cp312 @ 49551990
pytz=2024.1=pyhd8ed1ab_0 @ c7211bb6
pyyaml=6.0.2=py312h66e93f0_1 @ ad241afe
pyzmq=26.2.0=py312hbf22597_3 @ ad241afe
qhull=2020.2=h434a139_5 @ e1c11c02
re2=2024.07.02=h77b4e00_1 @ 989a16c9
readline=8.2=h8228510_1 @ 989a16c9
referencing=0.35.1=pyhd8ed1ab_0 @ c7211bb6
requests=2.27.1=pyhd8ed1ab_0 @ c72e1b30
retrying=1.3.3=pyhd8ed1ab_3 @ c7211bb6
rich=13.9.4=pyhd8ed1ab_0 @ c7211bb6
rpds-py=0.21.0=py312h12e396e_0 @ ad241afe
s2n=1.5.7=hd3e8b83_0 @ 989a16c9
scanpy=1.10.3=pyhd8ed1ab_0 @ 931c1ab2
scikit-learn=1.5.2=py312h7a48858_1 @ ad241afe
scipy=1.14.1=py312h62794b6_1 @ ad241afe
seaborn=0.13.2=hd8ed1ab_2 @ c7211bb6
seaborn-base=0.13.2=pyhd8ed1ab_2 @ c7211bb6
session-info=1.0.0=pyhd8ed1ab_0 @ c72e1b30
setuptools=75.5.0=pyhff2d567_0 @ c7211bb6
six=1.16.0=pyhd3eb1b0_1 @ 605019c2
smmap=5.0.0=pyhd8ed1ab_0 @ fe451c34
snappy=1.2.1=ha2e4443_0 @ e1c11c02
stack_data=0.6.2=pyhd8ed1ab_0 @ c7211bb6
statsmodels=0.14.4=py312hc0a28a1_0 @ ad241afe
stdlib-list=0.11.0=pyhd8ed1ab_0 @ 931c1ab2
streamlit=1.40.1=pyhd8ed1ab_0 @ c7211bb6
sysroot_linux-64=2.17=h4a8ded7_18 @ 931c1ab2
tbb=2022.0.0=hceb3a55_0 @ ad241afe
tenacity=9.0.0=pyhd8ed1ab_0 @ c7211bb6
tensorboard=2.18.0=pyhd8ed1ab_0 @ c7211bb6
tensorboard-data-server=0.7.0=py312hda17c39_2 @ ad241afe
threadpoolctl=3.5.0=pyhc1e730c_0 @ 931c1ab2
tk=8.6.13=noxft_h4845f30_101 @ e1c11c02
toml=0.10.2=pyhd8ed1ab_0 @ fe451c34
tornado=6.4.1=py312h66e93f0_1 @ ad241afe
tqdm=4.67.0=pyhd8ed1ab_0 @ 81d6167d
traitlets=5.14.3=pyhd8ed1ab_0 @ c7211bb6
typing-extensions=4.12.2=hd8ed1ab_0 @ c7211bb6
typing_extensions=4.12.2=pyha770c72_0 @ c7211bb6
tzdata=2024b=hc8b5060_0 @ c7211bb6
tzlocal=5.2=py312h7900ff3_1 @ ad241afe
umap-learn=0.5.7=py312h7900ff3_0 @ ad241afe
unicodedata2=15.1.0=py312h66e93f0_1 @ ad241afe
urllib3=1.26.19=pyhd8ed1ab_0 @ 931c1ab2
validators=0.34.0=pyhd8ed1ab_0 @ c7211bb6
watchdog=6.0.0=py312h7900ff3_0 @ ad241afe
wcwidth=0.2.13=pyhd8ed1ab_0 @ c7211bb6
werkzeug=3.1.3=pyhff2d567_0 @ c7211bb6
wheel=0.45.0=pyhd8ed1ab_0 @ c7211bb6
widgetsnbextension=4.0.13=pyhd8ed1ab_0 @ c7211bb6
xorg-libxau=1.0.11=hb9d3cd8_1 @ e1c11c02
xorg-libxdmcp=1.1.5=hb9d3cd8_0 @ e1c11c02
xz=5.4.6=h5eee18b_1 @ 3c4a1d2c
yaml=0.2.5=h7f98852_2 @ c37a1747
zeromq=4.3.5=h3b0a872_7 @ e1c11c02
zipp=3.21.0=pyhd8ed1ab_0 @ c7211bb6
zstd=1.5.6=ha6fb4c9_0 @ e1c11c02

[pip]
aiobotocore==2.5.4
aiohappyeyeballs==2.4.3
aiohttp==3.10.11
aioitertools==0.12.0
aiosignal==1.3.1
annoy==1.17.3
asciitree==0.3.3
beautifulsoup4==4.12.3
botocore==1.31.17
cloudpickle==3.1.0
colorcet==3.1.0
dask==2024.9.1
dask-expr==1.1.15
dask-image==2024.5.3
datashader==0.16.3
dill==0.3.9
distributed==2024.9.1
docrep==0.3.2
entrypoints==0.4
faker==30.3.0
fasteners==0.19
favicon==0.7.0
frozenlist==1.4.1
fsspec==2023.6.0
geopandas==1.0.1
hnswlib==0.8.0
htbuilder==0.7.0
igraph==0.11.6
imageio==2.35.1
importlib-resources==6.4.5
inflect==7.4.0
jmespath==1.0.1
jupyter-client==8.6.3
jupyter-core==5.7.2
jupyterlab-widgets==3.0.13
lazy-loader==0.4
leidenalg==0.10.2
locket==1.0.0
lxml==5.3.0
markdownlit==0.0.7
matplotlib==3.9.2
matplotlib-scalebar==0.8.1
mizani==0.11.4
more-itertools==10.5.0
msgpack==1.1.0
multidict==6.1.0
multipledispatch==1.0.0
multiscale-spatial-image==1.0.1
numcodecs==0.14.0
objsize==0.7.0
ome-zarr==0.9.0
omnipath==1.0.8
palantir-sdk==0.12.0
param==2.1.1
parc==0.40
parmap==1.7.0
partd==1.4.2
phenograph==1.5.7
pims==0.7
plotnine==0.13.6
pooch==1.8.2
prometheus-client==0.21.0
propcache==0.2.0
pure-eval==0.2.3
pybind11==2.13.6
pyct==0.5.0
pymdown-extensions==10.11.2
pympler==1.1
pyogrio==0.10.0
pyproj==3.7.0
s3fs==2023.6.0
scikit-image==0.24.0
setuptools-scm==8.1.0
shapely==2.0.6
sklearn-ann==0.1.2
slicerator==1.1.0
sortedcontainers==2.4.0
soupsieve==2.6
spatial-image==1.1.0
spatialdata==0.2.5.post0
split-file-reader==0.1.4
squidpy==1.6.2
st-annotated-text==4.0.1
st-pages==1.0.1
st-theme==1.2.3
stack-data==0.6.2
streamlit-camera-input-live==0.2.0
streamlit-card==1.0.2
streamlit-embedcode==0.1.2
streamlit-extras==0.5.0
streamlit-faker==0.0.3
streamlit-image-coordinates==0.1.9
streamlit-javascript==0.1.5
streamlit-keyup==0.2.4
streamlit-toggle-switch==1.0.2
streamlit-vertical-slider==2.5.5
tblib==3.0.0
texttable==1.7.0
tifffile==2024.9.20
tomli==2.1.0
toolz==1.0.0
typeguard==4.3.0
wrapt==1.16.0
xarray==2024.9.0
xarray-dataclasses==1.8.0
xarray-datatree==0.0.14
xarray-schema==0.0.3
xarray-spatial==0.4.0
yarl==1.14.0
zarr==2.18.3
zict==3.0.0

[conda-metadata]
16fe1c80 - linux-64 @ tar.bz2 @ ri.artifacts.repository.bundle.jupyter-default-environment
3c4a1d2c - linux-64 @ conda @ ri.artifacts.repository.python-library.foundry-transforms-lib
49551990 - linux-64 @ conda @ ri.foundry-sdk-asset-bundle.main.artifacts.repository
5a011d5e - noarch @ tar.bz2 @ ri.artifacts.repository.python-library.foundry-transforms-lib
605019c2 - noarch @ tar.bz2 @ ri.foundry-sdk-asset-bundle.main.artifacts.repository
777e1a0e - linux-64 @ tar.bz2 @ ri.foundry-sdk-asset-bundle.main.artifacts.repository
81d6167d - noarch @ conda @ ri.artifacts.repository.python-library.models
931c1ab2 - noarch @ conda @ ri.artifacts.repository.artifactory.external-conda-forge
989a16c9 - linux-64 @ conda @ ri.artifacts.repository.python-library.models
ad241afe - linux-64 @ conda @ ri.artifacts.repository.artifactory.external-conda-forge
c37a1747 - linux-64 @ tar.bz2 @ ri.artifacts.repository.python-library.models
c7211bb6 - noarch @ conda @ ri.artifacts.repository.bundle.jupyter-default-environment
c72e1b30 - noarch @ tar.bz2 @ ri.artifacts.repository.artifactory.external-conda-forge
e1c11c02 - linux-64 @ conda @ ri.artifacts.repository.bundle.jupyter-default-environment
fe451c34 - noarch @ tar.bz2 @ ri.artifacts.repository.bundle.jupyter-default-environment

[pip-indices]
ri.artifacts.repository.artifactory.external-python-pypi
ri.foundry-sdk-asset-bundle.main.artifacts.repository
ri.stemma.main.repository.534eebfb-f4c2-46d8-aebf-1d1a5281e340

[conda lock version]
v3 - c1dde57734f2a39a38aff4126f2697cee855cfc050752207855cfd9936953a08
